
Microsoft Visual Studio Solution File, Format Version 12.00
# Visual Studio Version 16
VisualStudioVersion = 16.0.31424.327
MinimumVisualStudioVersion = 10.0.40219.1
Project("{FAE04EC0-301F-11D3-BF4B-00C04F79EFBC}") = "Demo.Api", "Demo.Api\Demo.Api.csproj", "{C2AA694D-124E-416E-A822-247D42C06996}"
EndProject
Project("{FAE04EC0-301F-11D3-BF4B-00C04F79EFBC}") = "Demo.Database", "Demo.Database\Demo.Database.csproj", "{4CAB0269-EC91-4D6C-9DCB-6821F99602DB}"
EndProject
Project("{FAE04EC0-301F-11D3-BF4B-00C04F79EFBC}") = "Demo.Service", "Demo.Service\Demo.Service.csproj", "{5CE3E223-83C7-4399-9B06-C9C77B82CB24}"
EndProject
Global
	GlobalSection(SolutionConfigurationPlatforms) = preSolution
		Debug|Any CPU = Debug|Any CPU
		Release|Any CPU = Release|Any CPU
	EndGlobalSection
	GlobalSection(ProjectConfigurationPlatforms) = postSolution
		{C2AA694D-124E-416E-A822-247D42C06996}.Debug|Any CPU.ActiveCfg = Debug|Any CPU
		{C2AA694D-124E-416E-A822-247D42C06996}.Debug|Any CPU.Build.0 = Debug|Any CPU
		{C2AA694D-124E-416E-A822-247D42C06996}.Release|Any CPU.ActiveCfg = Release|Any CPU
		{C2AA694D-124E-416E-A822-247D42C06996}.Release|Any CPU.Build.0 = Release|Any CPU
		{4CAB0269-EC91-4D6C-9DCB-6821F99602DB}.Debug|Any CPU.ActiveCfg = Debug|Any CPU
		{4CAB0269-EC91-4D6C-9DCB-6821F99602DB}.Debug|Any CPU.Build.0 = Debug|Any CPU
		{4CAB0269-EC91-4D6C-9DCB-6821F99602DB}.Release|Any CPU.ActiveCfg = Release|Any CPU
		{4CAB0269-EC91-4D6C-9DCB-6821F99602DB}.Release|Any CPU.Build.0 = Release|Any CPU
		{5CE3E223-83C7-4399-9B06-C9C77B82CB24}.Debug|Any CPU.ActiveCfg = Debug|Any CPU
		{5CE3E223-83C7-4399-9B06-C9C77B82CB24}.Debug|Any CPU.Build.0 = Debug|Any CPU
		{5CE3E223-83C7-4399-9B06-C9C77B82CB24}.Release|Any CPU.ActiveCfg = Release|Any CPU
		{5CE3E223-83C7-4399-9B06-C9C77B82CB24}.Release|Any CPU.Build.0 = Release|Any CPU
	EndGlobalSection
	GlobalSection(SolutionProperties) = preSolution
		HideSolutionNode = FALSE
	EndGlobalSection
	GlobalSection(ExtensibilityGlobals) = postSolution
		SolutionGuid = {7E250D6D-07FA-4EBF-B837-10ADBEA40137}
	EndGlobalSection
EndGlobal
